PODS:
  - AFNetworking (3.2.1):
    - AFNetworking/NSURLSession (= 3.2.1)
    - AFNetworking/Reachability (= 3.2.1)
    - AFNetworking/Security (= 3.2.1)
    - AFNetworking/Serialization (= 3.2.1)
    - AFNetworking/UIKit (= 3.2.1)
  - AFNetworking/NSURLSession (3.2.1):
    - AFNetworking/Reachability
    - AFNetworking/Security
    - AFNetworking/Serialization
  - AFNetworking/Reachability (3.2.1)
  - AFNetworking/Security (3.2.1)
  - AFNetworking/Serialization (3.2.1)
  - AFNetworking/UIKit (3.2.1):
    - AFNetworking/NSURLSession
  - FastDevTools/APMRecord (1.1.0):
    - YYModel
  - FastDevTools/CustomTextField (1.1.0)
  - FastDevTools/DebugFlex (1.1.0):
    - FastDevTools/DebugManager
  - FastDevTools/DebugManager (1.1.0):
    - AFNetworking
    - FastDevTools/APMRecord
    - FastDevTools/CustomTextField
    - FMDB
    - GCDWebServer
    - GCDWebServer/WebDAV
    - GCDWebServer/WebUploader
    - YYCategories
  - FMDB (2.7.5):
    - FMDB/standard (= 2.7.5)
  - FMDB/standard (2.7.5)
  - GCDWebServer (3.5.3):
    - GCDWebServer/Core (= 3.5.3)
  - GCDWebServer/Core (3.5.3)
  - GCDWebServer/WebDAV (3.5.3):
    - GCDWebServer/Core
  - GCDWebServer/WebUploader (3.5.3):
    - GCDWebServer/Core
  - MLeaksFinder (1.0.0)
  - YYCategories (1.0.4):
    - YYCategories/no-arc (= 1.0.4)
  - YYCategories/no-arc (1.0.4)
  - YYModel (1.0.4)

DEPENDENCIES:
  - FastDevTools/DebugFlex (from `../FastDevTools`)
  - FastDevTools/DebugManager (from `../FastDevTools`)
  - GCDWebServer/Core (from `../GCDWebServer`)
  - GCDWebServer/WebDAV (from `../GCDWebServer`)
  - GCDWebServer/WebUploader (from `../GCDWebServer`)
  - MLeaksFinder (from `../MLeaksFinder`)

SPEC REPOS:
  trunk:
    - AFNetworking
    - FMDB
    - YYCategories
    - YYModel

EXTERNAL SOURCES:
  FastDevTools:
    :path: "../FastDevTools"
  GCDWebServer:
    :path: "../GCDWebServer"
  MLeaksFinder:
    :path: "../MLeaksFinder"

SPEC CHECKSUMS:
  AFNetworking: b6f891fdfaed196b46c7a83cf209e09697b94057
  FastDevTools: 1c278342274265260700f16b39df8ed6a244a68f
  FMDB: 2ce00b547f966261cd18927a3ddb07cb6f3db82a
  GCDWebServer: c0ab22c73e1b84f358d1e2f74bf6afd1c60829f2
  MLeaksFinder: 89eb3142bf1bbd0a3d1849543b629399c5da74c5
  YYCategories: 6bcd4314c6661a561410dce4a793379ebd306abd
  YYModel: 2a7fdd96aaa4b86a824e26d0c517de8928c04b30

PODFILE CHECKSUM: 532bf178f46f1cdab958ff194fa98da23dd86b49

COCOAPODS: 1.9.1
