PODS:
  - AFNetworking (3.2.1):
    - AFNetworking/NSURLSession (= 3.2.1)
    - AFNetworking/Reachability (= 3.2.1)
    - AFNetworking/Security (= 3.2.1)
    - AFNetworking/Serialization (= 3.2.1)
    - AFNetworking/UIKit (= 3.2.1)
  - AFNetworking/NSURLSession (3.2.1):
    - AFNetworking/Reachability
    - AFNetworking/Security
    - AFNetworking/Serialization
  - AFNetworking/Reachability (3.2.1)
  - AFNetworking/Security (3.2.1)
  - AFNetworking/Serialization (3.2.1)
  - AFNetworking/UIKit (3.2.1):
    - AFNetworking/NSURLSession
  - FastDevTools (0.9.4):
    - FastDevTools/AssetsSave (= 0.9.4)
    - FastDevTools/CustomTextField (= 0.9.4)
    - FastDevTools/DebugManager (= 0.9.4)
    - FastDevTools/Mp3Encode (= 0.9.4)
    - FastDevTools/WaterWave (= 0.9.4)
  - FastDevTools/AssetsSave (0.9.4)
  - FastDevTools/CustomTextField (0.9.4)
  - FastDevTools/DebugManager (0.9.4):
    - AFNetworking
    - FastDevTools/CustomTextField
    - FLEX
    - FMDB
    - GCDWebServer
    - GCDWebServer/WebDAV
    - GCDWebServer/WebUploader
  - FastDevTools/Mp3Encode (0.9.4)
  - FastDevTools/WaterWave (0.9.4)
  - FLEX (3.0.0)
  - FMDB (2.7.5):
    - FMDB/standard (= 2.7.5)
  - FMDB/standard (2.7.5)
  - GCDWebServer (3.5.2):
    - GCDWebServer/Core (= 3.5.2)
  - GCDWebServer/Core (3.5.2)
  - GCDWebServer/WebDAV (3.5.2):
    - GCDWebServer/Core
  - GCDWebServer/WebUploader (3.5.2):
    - GCDWebServer/Core

DEPENDENCIES:
  - FastDevTools (from `../FastDevTools`)

SPEC REPOS:
  https://github.com/cocoapods/specs.git:
    - AFNetworking
    - FLEX
    - FMDB
    - GCDWebServer

EXTERNAL SOURCES:
  FastDevTools:
    :path: "../FastDevTools"

SPEC CHECKSUMS:
  AFNetworking: b6f891fdfaed196b46c7a83cf209e09697b94057
  FastDevTools: a26b3b9d1fb315f4792aa1056f697d37ac465485
  FLEX: d66c759bce0f6ebbbf472c742380874d846f2883
  FMDB: 2ce00b547f966261cd18927a3ddb07cb6f3db82a
  GCDWebServer: ead88cd14596dd4eae4f5830b8877c87c8728990

PODFILE CHECKSUM: 9169cbd77de89c179d0f381cac6bdff1dc3514d0

COCOAPODS: 1.6.1
