// !$*UTF8*$!
{
	archiveVersion = 1;
	classes = {
	};
	objectVersion = 48;
	objects = {

/* Begin PBXBuildFile section */
		0ABB0D52F5E98CC6011F26DB /* Pods_DebugController.framework in Frameworks */ = {isa = PBXBuildFile; fileRef = 590A224907DBF8342FB9034E /* Pods_DebugController.framework */; };
		E80A59D12111B220007132F3 /* UIImage+Compression.m in Sources */ = {isa = PBXBuildFile; fileRef = E80A59CF2111B220007132F3 /* UIImage+Compression.m */; };
		E80A59D22111B220007132F3 /* NetWorkingManager.m in Sources */ = {isa = PBXBuildFile; fileRef = E80A59D02111B220007132F3 /* NetWorkingManager.m */; };
		E80A59D82112ACBA007132F3 /* Aspects_Debug.m in Sources */ = {isa = PBXBuildFile; fileRef = E80A59D72112ACBA007132F3 /* Aspects_Debug.m */; };
		E8313B5821C10BD200393639 /* libresolv.tbd in Frameworks */ = {isa = PBXBuildFile; fileRef = E8313B5721C10BD100393639 /* libresolv.tbd */; };
		E8B5BAD1210EC2E8004EE296 /* AppDelegate.m in Sources */ = {isa = PBXBuildFile; fileRef = E8B5BAD0210EC2E8004EE296 /* AppDelegate.m */; };
		E8B5BAD7210EC2E8004EE296 /* Main.storyboard in Resources */ = {isa = PBXBuildFile; fileRef = E8B5BAD5210EC2E8004EE296 /* Main.storyboard */; };
		E8B5BAD9210EC2E8004EE296 /* Assets.xcassets in Resources */ = {isa = PBXBuildFile; fileRef = E8B5BAD8210EC2E8004EE296 /* Assets.xcassets */; };
		E8B5BADC210EC2E8004EE296 /* LaunchScreen.storyboard in Resources */ = {isa = PBXBuildFile; fileRef = E8B5BADA210EC2E8004EE296 /* LaunchScreen.storyboard */; };
		E8B5BADF210EC2E8004EE296 /* main.m in Sources */ = {isa = PBXBuildFile; fileRef = E8B5BADE210EC2E8004EE296 /* main.m */; };
		E8B5BAE9210EC2E9004EE296 /* DebugControllerTests.m in Sources */ = {isa = PBXBuildFile; fileRef = E8B5BAE8210EC2E9004EE296 /* DebugControllerTests.m */; };
		E8B5BAF4210EC2E9004EE296 /* DebugControllerUITests.m in Sources */ = {isa = PBXBuildFile; fileRef = E8B5BAF3210EC2E9004EE296 /* DebugControllerUITests.m */; };
		E8B5BB242110575D004EE296 /* TestViewController.m in Sources */ = {isa = PBXBuildFile; fileRef = E8B5BB232110575D004EE296 /* TestViewController.m */; };
/* End PBXBuildFile section */

/* Begin PBXContainerItemProxy section */
		E8B5BAE5210EC2E9004EE296 /* PBXContainerItemProxy */ = {
			isa = PBXContainerItemProxy;
			containerPortal = E8B5BAC4210EC2E8004EE296 /* Project object */;
			proxyType = 1;
			remoteGlobalIDString = E8B5BACB210EC2E8004EE296;
			remoteInfo = DebugController;
		};
		E8B5BAF0210EC2E9004EE296 /* PBXContainerItemProxy */ = {
			isa = PBXContainerItemProxy;
			containerPortal = E8B5BAC4210EC2E8004EE296 /* Project object */;
			proxyType = 1;
			remoteGlobalIDString = E8B5BACB210EC2E8004EE296;
			remoteInfo = DebugController;
		};
/* End PBXContainerItemProxy section */

/* Begin PBXFileReference section */
		531BDC7FDC1D5FFF2146E8EC /* Pods-DebugController.release.xcconfig */ = {isa = PBXFileReference; includeInIndex = 1; lastKnownFileType = text.xcconfig; name = "Pods-DebugController.release.xcconfig"; path = "Pods/Target Support Files/Pods-DebugController/Pods-DebugController.release.xcconfig"; sourceTree = "<group>"; };
		590A224907DBF8342FB9034E /* Pods_DebugController.framework */ = {isa = PBXFileReference; explicitFileType = wrapper.framework; includeInIndex = 0; path = Pods_DebugController.framework; sourceTree = BUILT_PRODUCTS_DIR; };
		6D7FC9A8A91D38ED21EE4FE5 /* Pods-DebugController.debug.xcconfig */ = {isa = PBXFileReference; includeInIndex = 1; lastKnownFileType = text.xcconfig; name = "Pods-DebugController.debug.xcconfig"; path = "Pods/Target Support Files/Pods-DebugController/Pods-DebugController.debug.xcconfig"; sourceTree = "<group>"; };
		E80A59CD2111B220007132F3 /* UIImage+Compression.h */ = {isa = PBXFileReference; fileEncoding = 4; lastKnownFileType = sourcecode.c.h; path = "UIImage+Compression.h"; sourceTree = "<group>"; };
		E80A59CE2111B220007132F3 /* NetWorkingManager.h */ = {isa = PBXFileReference; fileEncoding = 4; lastKnownFileType = sourcecode.c.h; path = NetWorkingManager.h; sourceTree = "<group>"; };
		E80A59CF2111B220007132F3 /* UIImage+Compression.m */ = {isa = PBXFileReference; fileEncoding = 4; lastKnownFileType = sourcecode.c.objc; path = "UIImage+Compression.m"; sourceTree = "<group>"; };
		E80A59D02111B220007132F3 /* NetWorkingManager.m */ = {isa = PBXFileReference; fileEncoding = 4; lastKnownFileType = sourcecode.c.objc; path = NetWorkingManager.m; sourceTree = "<group>"; };
		E80A59D62112ACBA007132F3 /* Aspects_Debug.h */ = {isa = PBXFileReference; lastKnownFileType = sourcecode.c.h; path = Aspects_Debug.h; sourceTree = "<group>"; };
		E80A59D72112ACBA007132F3 /* Aspects_Debug.m */ = {isa = PBXFileReference; lastKnownFileType = sourcecode.c.objc; path = Aspects_Debug.m; sourceTree = "<group>"; };
		E8313B5721C10BD100393639 /* libresolv.tbd */ = {isa = PBXFileReference; lastKnownFileType = "sourcecode.text-based-dylib-definition"; name = libresolv.tbd; path = usr/lib/libresolv.tbd; sourceTree = SDKROOT; };
		E8B5BACC210EC2E8004EE296 /* DebugController.app */ = {isa = PBXFileReference; explicitFileType = wrapper.application; includeInIndex = 0; path = DebugController.app; sourceTree = BUILT_PRODUCTS_DIR; };
		E8B5BACF210EC2E8004EE296 /* AppDelegate.h */ = {isa = PBXFileReference; lastKnownFileType = sourcecode.c.h; path = AppDelegate.h; sourceTree = "<group>"; };
		E8B5BAD0210EC2E8004EE296 /* AppDelegate.m */ = {isa = PBXFileReference; lastKnownFileType = sourcecode.c.objc; path = AppDelegate.m; sourceTree = "<group>"; };
		E8B5BAD6210EC2E8004EE296 /* Base */ = {isa = PBXFileReference; lastKnownFileType = file.storyboard; name = Base; path = Base.lproj/Main.storyboard; sourceTree = "<group>"; };
		E8B5BAD8210EC2E8004EE296 /* Assets.xcassets */ = {isa = PBXFileReference; lastKnownFileType = folder.assetcatalog; path = Assets.xcassets; sourceTree = "<group>"; };
		E8B5BADB210EC2E8004EE296 /* Base */ = {isa = PBXFileReference; lastKnownFileType = file.storyboard; name = Base; path = Base.lproj/LaunchScreen.storyboard; sourceTree = "<group>"; };
		E8B5BADD210EC2E8004EE296 /* Info.plist */ = {isa = PBXFileReference; lastKnownFileType = text.plist.xml; path = Info.plist; sourceTree = "<group>"; };
		E8B5BADE210EC2E8004EE296 /* main.m */ = {isa = PBXFileReference; lastKnownFileType = sourcecode.c.objc; path = main.m; sourceTree = "<group>"; };
		E8B5BAE4210EC2E9004EE296 /* DebugControllerTests.xctest */ = {isa = PBXFileReference; explicitFileType = wrapper.cfbundle; includeInIndex = 0; path = DebugControllerTests.xctest; sourceTree = BUILT_PRODUCTS_DIR; };
		E8B5BAE8210EC2E9004EE296 /* DebugControllerTests.m */ = {isa = PBXFileReference; lastKnownFileType = sourcecode.c.objc; path = DebugControllerTests.m; sourceTree = "<group>"; };
		E8B5BAEA210EC2E9004EE296 /* Info.plist */ = {isa = PBXFileReference; lastKnownFileType = text.plist.xml; path = Info.plist; sourceTree = "<group>"; };
		E8B5BAEF210EC2E9004EE296 /* DebugControllerUITests.xctest */ = {isa = PBXFileReference; explicitFileType = wrapper.cfbundle; includeInIndex = 0; path = DebugControllerUITests.xctest; sourceTree = BUILT_PRODUCTS_DIR; };
		E8B5BAF3210EC2E9004EE296 /* DebugControllerUITests.m */ = {isa = PBXFileReference; lastKnownFileType = sourcecode.c.objc; path = DebugControllerUITests.m; sourceTree = "<group>"; };
		E8B5BAF5210EC2E9004EE296 /* Info.plist */ = {isa = PBXFileReference; lastKnownFileType = text.plist.xml; path = Info.plist; sourceTree = "<group>"; };
		E8B5BB222110575D004EE296 /* TestViewController.h */ = {isa = PBXFileReference; lastKnownFileType = sourcecode.c.h; path = TestViewController.h; sourceTree = "<group>"; };
		E8B5BB232110575D004EE296 /* TestViewController.m */ = {isa = PBXFileReference; lastKnownFileType = sourcecode.c.objc; path = TestViewController.m; sourceTree = "<group>"; };
/* End PBXFileReference section */

/* Begin PBXFrameworksBuildPhase section */
		E8B5BAC9210EC2E8004EE296 /* Frameworks */ = {
			isa = PBXFrameworksBuildPhase;
			buildActionMask = 2147483647;
			files = (
				E8313B5821C10BD200393639 /* libresolv.tbd in Frameworks */,
				0ABB0D52F5E98CC6011F26DB /* Pods_DebugController.framework in Frameworks */,
			);
			runOnlyForDeploymentPostprocessing = 0;
		};
		E8B5BAE1210EC2E9004EE296 /* Frameworks */ = {
			isa = PBXFrameworksBuildPhase;
			buildActionMask = 2147483647;
			files = (
			);
			runOnlyForDeploymentPostprocessing = 0;
		};
		E8B5BAEC210EC2E9004EE296 /* Frameworks */ = {
			isa = PBXFrameworksBuildPhase;
			buildActionMask = 2147483647;
			files = (
			);
			runOnlyForDeploymentPostprocessing = 0;
		};
/* End PBXFrameworksBuildPhase section */

/* Begin PBXGroup section */
		B2EA0C4A9CE07287ECD02059 /* Frameworks */ = {
			isa = PBXGroup;
			children = (
				E8313B5721C10BD100393639 /* libresolv.tbd */,
				590A224907DBF8342FB9034E /* Pods_DebugController.framework */,
			);
			name = Frameworks;
			sourceTree = "<group>";
		};
		DE9921CA06D058F5ABFECC1E /* Pods */ = {
			isa = PBXGroup;
			children = (
				6D7FC9A8A91D38ED21EE4FE5 /* Pods-DebugController.debug.xcconfig */,
				531BDC7FDC1D5FFF2146E8EC /* Pods-DebugController.release.xcconfig */,
			);
			name = Pods;
			sourceTree = "<group>";
		};
		E89C14F5219429A300A5F576 /* 网络请求组件 */ = {
			isa = PBXGroup;
			children = (
				E80A59CE2111B220007132F3 /* NetWorkingManager.h */,
				E80A59D02111B220007132F3 /* NetWorkingManager.m */,
				E80A59CD2111B220007132F3 /* UIImage+Compression.h */,
				E80A59CF2111B220007132F3 /* UIImage+Compression.m */,
			);
			path = "网络请求组件";
			sourceTree = "<group>";
		};
		E89C14F6219429BA00A5F576 /* Aspects */ = {
			isa = PBXGroup;
			children = (
				E80A59D62112ACBA007132F3 /* Aspects_Debug.h */,
				E80A59D72112ACBA007132F3 /* Aspects_Debug.m */,
			);
			path = Aspects;
			sourceTree = "<group>";
		};
		E8B5BAC3210EC2E8004EE296 = {
			isa = PBXGroup;
			children = (
				E8B5BACE210EC2E8004EE296 /* DebugController */,
				E8B5BAE7210EC2E9004EE296 /* DebugControllerTests */,
				E8B5BAF2210EC2E9004EE296 /* DebugControllerUITests */,
				E8B5BACD210EC2E8004EE296 /* Products */,
				DE9921CA06D058F5ABFECC1E /* Pods */,
				B2EA0C4A9CE07287ECD02059 /* Frameworks */,
			);
			sourceTree = "<group>";
		};
		E8B5BACD210EC2E8004EE296 /* Products */ = {
			isa = PBXGroup;
			children = (
				E8B5BACC210EC2E8004EE296 /* DebugController.app */,
				E8B5BAE4210EC2E9004EE296 /* DebugControllerTests.xctest */,
				E8B5BAEF210EC2E9004EE296 /* DebugControllerUITests.xctest */,
			);
			name = Products;
			sourceTree = "<group>";
		};
		E8B5BACE210EC2E8004EE296 /* DebugController */ = {
			isa = PBXGroup;
			children = (
				E8B5BACF210EC2E8004EE296 /* AppDelegate.h */,
				E8B5BAD0210EC2E8004EE296 /* AppDelegate.m */,
				E8B5BB222110575D004EE296 /* TestViewController.h */,
				E8B5BB232110575D004EE296 /* TestViewController.m */,
				E89C14F6219429BA00A5F576 /* Aspects */,
				E89C14F5219429A300A5F576 /* 网络请求组件 */,
				E8B5BAD5210EC2E8004EE296 /* Main.storyboard */,
				E8B5BAD8210EC2E8004EE296 /* Assets.xcassets */,
				E8B5BADA210EC2E8004EE296 /* LaunchScreen.storyboard */,
				E8B5BADD210EC2E8004EE296 /* Info.plist */,
				E8B5BADE210EC2E8004EE296 /* main.m */,
			);
			path = DebugController;
			sourceTree = "<group>";
		};
		E8B5BAE7210EC2E9004EE296 /* DebugControllerTests */ = {
			isa = PBXGroup;
			children = (
				E8B5BAE8210EC2E9004EE296 /* DebugControllerTests.m */,
				E8B5BAEA210EC2E9004EE296 /* Info.plist */,
			);
			path = DebugControllerTests;
			sourceTree = "<group>";
		};
		E8B5BAF2210EC2E9004EE296 /* DebugControllerUITests */ = {
			isa = PBXGroup;
			children = (
				E8B5BAF3210EC2E9004EE296 /* DebugControllerUITests.m */,
				E8B5BAF5210EC2E9004EE296 /* Info.plist */,
			);
			path = DebugControllerUITests;
			sourceTree = "<group>";
		};
/* End PBXGroup section */

/* Begin PBXNativeTarget section */
		E8B5BACB210EC2E8004EE296 /* DebugController */ = {
			isa = PBXNativeTarget;
			buildConfigurationList = E8B5BAF8210EC2E9004EE296 /* Build configuration list for PBXNativeTarget "DebugController" */;
			buildPhases = (
				F05E91899C392B551F924250 /* [CP] Check Pods Manifest.lock */,
				E8B5BAC8210EC2E8004EE296 /* Sources */,
				E8B5BAC9210EC2E8004EE296 /* Frameworks */,
				E8B5BACA210EC2E8004EE296 /* Resources */,
				82CB16222C351A93DF189CA3 /* [CP] Embed Pods Frameworks */,
			);
			buildRules = (
			);
			dependencies = (
			);
			name = DebugController;
			productName = DebugController;
			productReference = E8B5BACC210EC2E8004EE296 /* DebugController.app */;
			productType = "com.apple.product-type.application";
		};
		E8B5BAE3210EC2E9004EE296 /* DebugControllerTests */ = {
			isa = PBXNativeTarget;
			buildConfigurationList = E8B5BAFB210EC2E9004EE296 /* Build configuration list for PBXNativeTarget "DebugControllerTests" */;
			buildPhases = (
				E8B5BAE0210EC2E9004EE296 /* Sources */,
				E8B5BAE1210EC2E9004EE296 /* Frameworks */,
				E8B5BAE2210EC2E9004EE296 /* Resources */,
			);
			buildRules = (
			);
			dependencies = (
				E8B5BAE6210EC2E9004EE296 /* PBXTargetDependency */,
			);
			name = DebugControllerTests;
			productName = DebugControllerTests;
			productReference = E8B5BAE4210EC2E9004EE296 /* DebugControllerTests.xctest */;
			productType = "com.apple.product-type.bundle.unit-test";
		};
		E8B5BAEE210EC2E9004EE296 /* DebugControllerUITests */ = {
			isa = PBXNativeTarget;
			buildConfigurationList = E8B5BAFE210EC2E9004EE296 /* Build configuration list for PBXNativeTarget "DebugControllerUITests" */;
			buildPhases = (
				E8B5BAEB210EC2E9004EE296 /* Sources */,
				E8B5BAEC210EC2E9004EE296 /* Frameworks */,
				E8B5BAED210EC2E9004EE296 /* Resources */,
			);
			buildRules = (
			);
			dependencies = (
				E8B5BAF1210EC2E9004EE296 /* PBXTargetDependency */,
			);
			name = DebugControllerUITests;
			productName = DebugControllerUITests;
			productReference = E8B5BAEF210EC2E9004EE296 /* DebugControllerUITests.xctest */;
			productType = "com.apple.product-type.bundle.ui-testing";
		};
/* End PBXNativeTarget section */

/* Begin PBXProject section */
		E8B5BAC4210EC2E8004EE296 /* Project object */ = {
			isa = PBXProject;
			attributes = {
				LastUpgradeCheck = 0920;
				ORGANIZATIONNAME = com.ysw;
				TargetAttributes = {
					E8B5BACB210EC2E8004EE296 = {
						CreatedOnToolsVersion = 9.2;
						ProvisioningStyle = Automatic;
					};
					E8B5BAE3210EC2E9004EE296 = {
						CreatedOnToolsVersion = 9.2;
						ProvisioningStyle = Automatic;
						TestTargetID = E8B5BACB210EC2E8004EE296;
					};
					E8B5BAEE210EC2E9004EE296 = {
						CreatedOnToolsVersion = 9.2;
						ProvisioningStyle = Automatic;
						TestTargetID = E8B5BACB210EC2E8004EE296;
					};
				};
			};
			buildConfigurationList = E8B5BAC7210EC2E8004EE296 /* Build configuration list for PBXProject "DebugController" */;
			compatibilityVersion = "Xcode 8.0";
			developmentRegion = en;
			hasScannedForEncodings = 0;
			knownRegions = (
				en,
				Base,
			);
			mainGroup = E8B5BAC3210EC2E8004EE296;
			productRefGroup = E8B5BACD210EC2E8004EE296 /* Products */;
			projectDirPath = "";
			projectRoot = "";
			targets = (
				E8B5BACB210EC2E8004EE296 /* DebugController */,
				E8B5BAE3210EC2E9004EE296 /* DebugControllerTests */,
				E8B5BAEE210EC2E9004EE296 /* DebugControllerUITests */,
			);
		};
/* End PBXProject section */

/* Begin PBXResourcesBuildPhase section */
		E8B5BACA210EC2E8004EE296 /* Resources */ = {
			isa = PBXResourcesBuildPhase;
			buildActionMask = 2147483647;
			files = (
				E8B5BADC210EC2E8004EE296 /* LaunchScreen.storyboard in Resources */,
				E8B5BAD9210EC2E8004EE296 /* Assets.xcassets in Resources */,
				E8B5BAD7210EC2E8004EE296 /* Main.storyboard in Resources */,
			);
			runOnlyForDeploymentPostprocessing = 0;
		};
		E8B5BAE2210EC2E9004EE296 /* Resources */ = {
			isa = PBXResourcesBuildPhase;
			buildActionMask = 2147483647;
			files = (
			);
			runOnlyForDeploymentPostprocessing = 0;
		};
		E8B5BAED210EC2E9004EE296 /* Resources */ = {
			isa = PBXResourcesBuildPhase;
			buildActionMask = 2147483647;
			files = (
			);
			runOnlyForDeploymentPostprocessing = 0;
		};
/* End PBXResourcesBuildPhase section */

/* Begin PBXShellScriptBuildPhase section */
		82CB16222C351A93DF189CA3 /* [CP] Embed Pods Frameworks */ = {
			isa = PBXShellScriptBuildPhase;
			buildActionMask = 2147483647;
			files = (
			);
			inputPaths = (
				"${SRCROOT}/Pods/Target Support Files/Pods-DebugController/Pods-DebugController-frameworks.sh",
				"${BUILT_PRODUCTS_DIR}/AFNetworking/AFNetworking.framework",
				"${BUILT_PRODUCTS_DIR}/FMDB/FMDB.framework",
				"${BUILT_PRODUCTS_DIR}/FastDevTools/FastDevTools.framework",
				"${BUILT_PRODUCTS_DIR}/GCDWebServer/GCDWebServer.framework",
			);
			name = "[CP] Embed Pods Frameworks";
			outputPaths = (
				"${TARGET_BUILD_DIR}/${FRAMEWORKS_FOLDER_PATH}/AFNetworking.framework",
				"${TARGET_BUILD_DIR}/${FRAMEWORKS_FOLDER_PATH}/FMDB.framework",
				"${TARGET_BUILD_DIR}/${FRAMEWORKS_FOLDER_PATH}/FastDevTools.framework",
				"${TARGET_BUILD_DIR}/${FRAMEWORKS_FOLDER_PATH}/GCDWebServer.framework",
			);
			runOnlyForDeploymentPostprocessing = 0;
			shellPath = /bin/sh;
			shellScript = "\"${SRCROOT}/Pods/Target Support Files/Pods-DebugController/Pods-DebugController-frameworks.sh\"\n";
			showEnvVarsInLog = 0;
		};
		F05E91899C392B551F924250 /* [CP] Check Pods Manifest.lock */ = {
			isa = PBXShellScriptBuildPhase;
			buildActionMask = 2147483647;
			files = (
			);
			inputPaths = (
				"${PODS_PODFILE_DIR_PATH}/Podfile.lock",
				"${PODS_ROOT}/Manifest.lock",
			);
			name = "[CP] Check Pods Manifest.lock";
			outputPaths = (
				"$(DERIVED_FILE_DIR)/Pods-DebugController-checkManifestLockResult.txt",
			);
			runOnlyForDeploymentPostprocessing = 0;
			shellPath = /bin/sh;
			shellScript = "diff \"${PODS_PODFILE_DIR_PATH}/Podfile.lock\" \"${PODS_ROOT}/Manifest.lock\" > /dev/null\nif [ $? != 0 ] ; then\n    # print error to STDERR\n    echo \"error: The sandbox is not in sync with the Podfile.lock. Run 'pod install' or update your CocoaPods installation.\" >&2\n    exit 1\nfi\n# This output is used by Xcode 'outputs' to avoid re-running this script phase.\necho \"SUCCESS\" > \"${SCRIPT_OUTPUT_FILE_0}\"\n";
			showEnvVarsInLog = 0;
		};
/* End PBXShellScriptBuildPhase section */

/* Begin PBXSourcesBuildPhase section */
		E8B5BAC8210EC2E8004EE296 /* Sources */ = {
			isa = PBXSourcesBuildPhase;
			buildActionMask = 2147483647;
			files = (
				E80A59D12111B220007132F3 /* UIImage+Compression.m in Sources */,
				E8B5BADF210EC2E8004EE296 /* main.m in Sources */,
				E8B5BAD1210EC2E8004EE296 /* AppDelegate.m in Sources */,
				E80A59D82112ACBA007132F3 /* Aspects_Debug.m in Sources */,
				E80A59D22111B220007132F3 /* NetWorkingManager.m in Sources */,
				E8B5BB242110575D004EE296 /* TestViewController.m in Sources */,
			);
			runOnlyForDeploymentPostprocessing = 0;
		};
		E8B5BAE0210EC2E9004EE296 /* Sources */ = {
			isa = PBXSourcesBuildPhase;
			buildActionMask = 2147483647;
			files = (
				E8B5BAE9210EC2E9004EE296 /* DebugControllerTests.m in Sources */,
			);
			runOnlyForDeploymentPostprocessing = 0;
		};
		E8B5BAEB210EC2E9004EE296 /* Sources */ = {
			isa = PBXSourcesBuildPhase;
			buildActionMask = 2147483647;
			files = (
				E8B5BAF4210EC2E9004EE296 /* DebugControllerUITests.m in Sources */,
			);
			runOnlyForDeploymentPostprocessing = 0;
		};
/* End PBXSourcesBuildPhase section */

/* Begin PBXTargetDependency section */
		E8B5BAE6210EC2E9004EE296 /* PBXTargetDependency */ = {
			isa = PBXTargetDependency;
			target = E8B5BACB210EC2E8004EE296 /* DebugController */;
			targetProxy = E8B5BAE5210EC2E9004EE296 /* PBXContainerItemProxy */;
		};
		E8B5BAF1210EC2E9004EE296 /* PBXTargetDependency */ = {
			isa = PBXTargetDependency;
			target = E8B5BACB210EC2E8004EE296 /* DebugController */;
			targetProxy = E8B5BAF0210EC2E9004EE296 /* PBXContainerItemProxy */;
		};
/* End PBXTargetDependency section */

/* Begin PBXVariantGroup section */
		E8B5BAD5210EC2E8004EE296 /* Main.storyboard */ = {
			isa = PBXVariantGroup;
			children = (
				E8B5BAD6210EC2E8004EE296 /* Base */,
			);
			name = Main.storyboard;
			sourceTree = "<group>";
		};
		E8B5BADA210EC2E8004EE296 /* LaunchScreen.storyboard */ = {
			isa = PBXVariantGroup;
			children = (
				E8B5BADB210EC2E8004EE296 /* Base */,
			);
			name = LaunchScreen.storyboard;
			sourceTree = "<group>";
		};
/* End PBXVariantGroup section */

/* Begin XCBuildConfiguration section */
		E8B5BAF6210EC2E9004EE296 /* Debug */ = {
			isa = XCBuildConfiguration;
			buildSettings = {
				ALWAYS_SEARCH_USER_PATHS = NO;
				CLANG_ANALYZER_NONNULL = YES;
				CLANG_ANALYZER_NUMBER_OBJECT_CONVERSION = YES_AGGRESSIVE;
				CLANG_CXX_LANGUAGE_STANDARD = "gnu++14";
				CLANG_CXX_LIBRARY = "libc++";
				CLANG_ENABLE_MODULES = YES;
				CLANG_ENABLE_OBJC_ARC = YES;
				CLANG_WARN_BLOCK_CAPTURE_AUTORELEASING = YES;
				CLANG_WARN_BOOL_CONVERSION = YES;
				CLANG_WARN_COMMA = YES;
				CLANG_WARN_CONSTANT_CONVERSION = YES;
				CLANG_WARN_DIRECT_OBJC_ISA_USAGE = YES_ERROR;
				CLANG_WARN_DOCUMENTATION_COMMENTS = YES;
				CLANG_WARN_EMPTY_BODY = YES;
				CLANG_WARN_ENUM_CONVERSION = YES;
				CLANG_WARN_INFINITE_RECURSION = YES;
				CLANG_WARN_INT_CONVERSION = YES;
				CLANG_WARN_NON_LITERAL_NULL_CONVERSION = YES;
				CLANG_WARN_OBJC_LITERAL_CONVERSION = YES;
				CLANG_WARN_OBJC_ROOT_CLASS = YES_ERROR;
				CLANG_WARN_RANGE_LOOP_ANALYSIS = YES;
				CLANG_WARN_STRICT_PROTOTYPES = YES;
				CLANG_WARN_SUSPICIOUS_MOVE = YES;
				CLANG_WARN_UNGUARDED_AVAILABILITY = YES_AGGRESSIVE;
				CLANG_WARN_UNREACHABLE_CODE = YES;
				CLANG_WARN__DUPLICATE_METHOD_MATCH = YES;
				CODE_SIGN_IDENTITY = "iPhone Developer";
				COPY_PHASE_STRIP = NO;
				DEBUG_INFORMATION_FORMAT = dwarf;
				ENABLE_STRICT_OBJC_MSGSEND = YES;
				ENABLE_TESTABILITY = YES;
				GCC_C_LANGUAGE_STANDARD = gnu11;
				GCC_DYNAMIC_NO_PIC = NO;
				GCC_NO_COMMON_BLOCKS = YES;
				GCC_OPTIMIZATION_LEVEL = 0;
				GCC_PREPROCESSOR_DEFINITIONS = (
					"DEBUG=1",
					"$(inherited)",
				);
				GCC_WARN_64_TO_32_BIT_CONVERSION = YES;
				GCC_WARN_ABOUT_RETURN_TYPE = YES_ERROR;
				GCC_WARN_UNDECLARED_SELECTOR = YES;
				GCC_WARN_UNINITIALIZED_AUTOS = YES_AGGRESSIVE;
				GCC_WARN_UNUSED_FUNCTION = YES;
				GCC_WARN_UNUSED_VARIABLE = YES;
				IPHONEOS_DEPLOYMENT_TARGET = 11.2;
				MTL_ENABLE_DEBUG_INFO = YES;
				ONLY_ACTIVE_ARCH = YES;
				SDKROOT = iphoneos;
			};
			name = Debug;
		};
		E8B5BAF7210EC2E9004EE296 /* Release */ = {
			isa = XCBuildConfiguration;
			buildSettings = {
				ALWAYS_SEARCH_USER_PATHS = NO;
				CLANG_ANALYZER_NONNULL = YES;
				CLANG_ANALYZER_NUMBER_OBJECT_CONVERSION = YES_AGGRESSIVE;
				CLANG_CXX_LANGUAGE_STANDARD = "gnu++14";
				CLANG_CXX_LIBRARY = "libc++";
				CLANG_ENABLE_MODULES = YES;
				CLANG_ENABLE_OBJC_ARC = YES;
				CLANG_WARN_BLOCK_CAPTURE_AUTORELEASING = YES;
				CLANG_WARN_BOOL_CONVERSION = YES;
				CLANG_WARN_COMMA = YES;
				CLANG_WARN_CONSTANT_CONVERSION = YES;
				CLANG_WARN_DIRECT_OBJC_ISA_USAGE = YES_ERROR;
				CLANG_WARN_DOCUMENTATION_COMMENTS = YES;
				CLANG_WARN_EMPTY_BODY = YES;
				CLANG_WARN_ENUM_CONVERSION = YES;
				CLANG_WARN_INFINITE_RECURSION = YES;
				CLANG_WARN_INT_CONVERSION = YES;
				CLANG_WARN_NON_LITERAL_NULL_CONVERSION = YES;
				CLANG_WARN_OBJC_LITERAL_CONVERSION = YES;
				CLANG_WARN_OBJC_ROOT_CLASS = YES_ERROR;
				CLANG_WARN_RANGE_LOOP_ANALYSIS = YES;
				CLANG_WARN_STRICT_PROTOTYPES = YES;
				CLANG_WARN_SUSPICIOUS_MOVE = YES;
				CLANG_WARN_UNGUARDED_AVAILABILITY = YES_AGGRESSIVE;
				CLANG_WARN_UNREACHABLE_CODE = YES;
				CLANG_WARN__DUPLICATE_METHOD_MATCH = YES;
				CODE_SIGN_IDENTITY = "iPhone Developer";
				COPY_PHASE_STRIP = NO;
				DEBUG_INFORMATION_FORMAT = "dwarf-with-dsym";
				ENABLE_NS_ASSERTIONS = NO;
				ENABLE_STRICT_OBJC_MSGSEND = YES;
				GCC_C_LANGUAGE_STANDARD = gnu11;
				GCC_NO_COMMON_BLOCKS = YES;
				GCC_WARN_64_TO_32_BIT_CONVERSION = YES;
				GCC_WARN_ABOUT_RETURN_TYPE = YES_ERROR;
				GCC_WARN_UNDECLARED_SELECTOR = YES;
				GCC_WARN_UNINITIALIZED_AUTOS = YES_AGGRESSIVE;
				GCC_WARN_UNUSED_FUNCTION = YES;
				GCC_WARN_UNUSED_VARIABLE = YES;
				IPHONEOS_DEPLOYMENT_TARGET = 11.2;
				MTL_ENABLE_DEBUG_INFO = NO;
				SDKROOT = iphoneos;
				VALIDATE_PRODUCT = YES;
			};
			name = Release;
		};
		E8B5BAF9210EC2E9004EE296 /* Debug */ = {
			isa = XCBuildConfiguration;
			baseConfigurationReference = 6D7FC9A8A91D38ED21EE4FE5 /* Pods-DebugController.debug.xcconfig */;
			buildSettings = {
				ASSETCATALOG_COMPILER_APPICON_NAME = AppIcon;
				CODE_SIGN_STYLE = Automatic;
				DEVELOPMENT_TEAM = W4FX4F26GS;
				INFOPLIST_FILE = DebugController/Info.plist;
				LD_RUNPATH_SEARCH_PATHS = "$(inherited) @executable_path/Frameworks";
				PRODUCT_BUNDLE_IDENTIFIER = com.zuoyebang.DebugController;
				PRODUCT_NAME = "$(TARGET_NAME)";
				TARGETED_DEVICE_FAMILY = "1,2";
			};
			name = Debug;
		};
		E8B5BAFA210EC2E9004EE296 /* Release */ = {
			isa = XCBuildConfiguration;
			baseConfigurationReference = 531BDC7FDC1D5FFF2146E8EC /* Pods-DebugController.release.xcconfig */;
			buildSettings = {
				ASSETCATALOG_COMPILER_APPICON_NAME = AppIcon;
				CODE_SIGN_STYLE = Automatic;
				DEVELOPMENT_TEAM = W4FX4F26GS;
				INFOPLIST_FILE = DebugController/Info.plist;
				LD_RUNPATH_SEARCH_PATHS = "$(inherited) @executable_path/Frameworks";
				PRODUCT_BUNDLE_IDENTIFIER = com.zuoyebang.DebugController;
				PRODUCT_NAME = "$(TARGET_NAME)";
				TARGETED_DEVICE_FAMILY = "1,2";
			};
			name = Release;
		};
		E8B5BAFC210EC2E9004EE296 /* Debug */ = {
			isa = XCBuildConfiguration;
			buildSettings = {
				BUNDLE_LOADER = "$(TEST_HOST)";
				CODE_SIGN_STYLE = Automatic;
				DEVELOPMENT_TEAM = W4FX4F26GS;
				INFOPLIST_FILE = DebugControllerTests/Info.plist;
				LD_RUNPATH_SEARCH_PATHS = "$(inherited) @executable_path/Frameworks @loader_path/Frameworks";
				PRODUCT_BUNDLE_IDENTIFIER = com.zuoyebang.DebugControllerTests;
				PRODUCT_NAME = "$(TARGET_NAME)";
				TARGETED_DEVICE_FAMILY = "1,2";
				TEST_HOST = "$(BUILT_PRODUCTS_DIR)/DebugController.app/DebugController";
			};
			name = Debug;
		};
		E8B5BAFD210EC2E9004EE296 /* Release */ = {
			isa = XCBuildConfiguration;
			buildSettings = {
				BUNDLE_LOADER = "$(TEST_HOST)";
				CODE_SIGN_STYLE = Automatic;
				DEVELOPMENT_TEAM = W4FX4F26GS;
				INFOPLIST_FILE = DebugControllerTests/Info.plist;
				LD_RUNPATH_SEARCH_PATHS = "$(inherited) @executable_path/Frameworks @loader_path/Frameworks";
				PRODUCT_BUNDLE_IDENTIFIER = com.zuoyebang.DebugControllerTests;
				PRODUCT_NAME = "$(TARGET_NAME)";
				TARGETED_DEVICE_FAMILY = "1,2";
				TEST_HOST = "$(BUILT_PRODUCTS_DIR)/DebugController.app/DebugController";
			};
			name = Release;
		};
		E8B5BAFF210EC2E9004EE296 /* Debug */ = {
			isa = XCBuildConfiguration;
			buildSettings = {
				CODE_SIGN_STYLE = Automatic;
				DEVELOPMENT_TEAM = W4FX4F26GS;
				INFOPLIST_FILE = DebugControllerUITests/Info.plist;
				LD_RUNPATH_SEARCH_PATHS = "$(inherited) @executable_path/Frameworks @loader_path/Frameworks";
				PRODUCT_BUNDLE_IDENTIFIER = com.zuoyebang.DebugControllerUITests;
				PRODUCT_NAME = "$(TARGET_NAME)";
				TARGETED_DEVICE_FAMILY = "1,2";
				TEST_TARGET_NAME = DebugController;
			};
			name = Debug;
		};
		E8B5BB00210EC2E9004EE296 /* Release */ = {
			isa = XCBuildConfiguration;
			buildSettings = {
				CODE_SIGN_STYLE = Automatic;
				DEVELOPMENT_TEAM = W4FX4F26GS;
				INFOPLIST_FILE = DebugControllerUITests/Info.plist;
				LD_RUNPATH_SEARCH_PATHS = "$(inherited) @executable_path/Frameworks @loader_path/Frameworks";
				PRODUCT_BUNDLE_IDENTIFIER = com.zuoyebang.DebugControllerUITests;
				PRODUCT_NAME = "$(TARGET_NAME)";
				TARGETED_DEVICE_FAMILY = "1,2";
				TEST_TARGET_NAME = DebugController;
			};
			name = Release;
		};
/* End XCBuildConfiguration section */

/* Begin XCConfigurationList section */
		E8B5BAC7210EC2E8004EE296 /* Build configuration list for PBXProject "DebugController" */ = {
			isa = XCConfigurationList;
			buildConfigurations = (
				E8B5BAF6210EC2E9004EE296 /* Debug */,
				E8B5BAF7210EC2E9004EE296 /* Release */,
			);
			defaultConfigurationIsVisible = 0;
			defaultConfigurationName = Release;
		};
		E8B5BAF8210EC2E9004EE296 /* Build configuration list for PBXNativeTarget "DebugController" */ = {
			isa = XCConfigurationList;
			buildConfigurations = (
				E8B5BAF9210EC2E9004EE296 /* Debug */,
				E8B5BAFA210EC2E9004EE296 /* Release */,
			);
			defaultConfigurationIsVisible = 0;
			defaultConfigurationName = Release;
		};
		E8B5BAFB210EC2E9004EE296 /* Build configuration list for PBXNativeTarget "DebugControllerTests" */ = {
			isa = XCConfigurationList;
			buildConfigurations = (
				E8B5BAFC210EC2E9004EE296 /* Debug */,
				E8B5BAFD210EC2E9004EE296 /* Release */,
			);
			defaultConfigurationIsVisible = 0;
			defaultConfigurationName = Release;
		};
		E8B5BAFE210EC2E9004EE296 /* Build configuration list for PBXNativeTarget "DebugControllerUITests" */ = {
			isa = XCConfigurationList;
			buildConfigurations = (
				E8B5BAFF210EC2E9004EE296 /* Debug */,
				E8B5BB00210EC2E9004EE296 /* Release */,
			);
			defaultConfigurationIsVisible = 0;
			defaultConfigurationName = Release;
		};
/* End XCConfigurationList section */
	};
	rootObject = E8B5BAC4210EC2E8004EE296 /* Project object */;
}
